// !$*UTF8*$!
{
	archiveVersion = 1;
	classes = {
	};
	objectVersion = 45;
	objects = {

/* Begin PBXBuildFile section */
		60D196E813EB3AAC002954E7 /* CocoaTouchDialog.h in Headers */ = {isa = PBXBuildFile; fileRef = 60D196D713EB3AAC002954E7 /* CocoaTouchDialog.h */; };
		60D196E913EB3AAC002954E7 /* CTDBoolElement.h in Headers */ = {isa = PBXBuildFile; fileRef = 60D196D813EB3AAC002954E7 /* CTDBoolElement.h */; };
		60D196EA13EB3AAC002954E7 /* CTDBoolElement.m in Sources */ = {isa = PBXBuildFile; fileRef = 60D196D913EB3AAC002954E7 /* CTDBoolElement.m */; };
		60D196EB13EB3AAC002954E7 /* CTDElement.h in Headers */ = {isa = PBXBuildFile; fileRef = 60D196DA13EB3AAC002954E7 /* CTDElement.h */; };
		60D196EC13EB3AAC002954E7 /* CTDElement.m in Sources */ = {isa = PBXBuildFile; fileRef = 60D196DB13EB3AAC002954E7 /* CTDElement.m */; };
		60D196ED13EB3AAC002954E7 /* CTDEntryElement.h in Headers */ = {isa = PBXBuildFile; fileRef = 60D196DC13EB3AAC002954E7 /* CTDEntryElement.h */; };
		60D196EE13EB3AAC002954E7 /* CTDEntryElement.m in Sources */ = {isa = PBXBuildFile; fileRef = 60D196DD13EB3AAC002954E7 /* CTDEntryElement.m */; };
		60D196EF13EB3AAC002954E7 /* CTDFloatElement.h in Headers */ = {isa = PBXBuildFile; fileRef = 60D196DE13EB3AAC002954E7 /* CTDFloatElement.h */; };
		60D196F013EB3AAC002954E7 /* CTDFloatElement.m in Sources */ = {isa = PBXBuildFile; fileRef = 60D196DF13EB3AAC002954E7 /* CTDFloatElement.m */; };
		60D196F113EB3AAC002954E7 /* CTDRootElement.h in Headers */ = {isa = PBXBuildFile; fileRef = 60D196E013EB3AAC002954E7 /* CTDRootElement.h */; };
		60D196F213EB3AAC002954E7 /* CTDRootElement.m in Sources */ = {isa = PBXBuildFile; fileRef = 60D196E113EB3AAC002954E7 /* CTDRootElement.m */; };
		60D196F313EB3AAC002954E7 /* CTDSection.h in Headers */ = {isa = PBXBuildFile; fileRef = 60D196E213EB3AAC002954E7 /* CTDSection.h */; };
		60D196F413EB3AAC002954E7 /* CTDSection.m in Sources */ = {isa = PBXBuildFile; fileRef = 60D196E313EB3AAC002954E7 /* CTDSection.m */; };
		60D196F513EB3AAC002954E7 /* CTDStringElement.h in Headers */ = {isa = PBXBuildFile; fileRef = 60D196E413EB3AAC002954E7 /* CTDStringElement.h */; };
		60D196F613EB3AAC002954E7 /* CTDStringElement.m in Sources */ = {isa = PBXBuildFile; fileRef = 60D196E513EB3AAC002954E7 /* CTDStringElement.m */; };
		60D196F713EB3AAC002954E7 /* CTDViewController.h in Headers */ = {isa = PBXBuildFile; fileRef = 60D196E613EB3AAC002954E7 /* CTDViewController.h */; };
		60D196F813EB3AAC002954E7 /* CTDViewController.m in Sources */ = {isa = PBXBuildFile; fileRef = 60D196E713EB3AAC002954E7 /* CTDViewController.m */; };
		AA747D9F0F9514B9006C5449 /* CocoaTouchDialog_Prefix.pch in Headers */ = {isa = PBXBuildFile; fileRef = AA747D9E0F9514B9006C5449 /* CocoaTouchDialog_Prefix.pch */; };
		AACBBE4A0F95108600F1A2B1 /* Foundation.framework in Frameworks */ = {isa = PBXBuildFile; fileRef = AACBBE490F95108600F1A2B1 /* Foundation.framework */; };
/* End PBXBuildFile section */

/* Begin PBXFileReference section */
		60D196D713EB3AAC002954E7 /* CocoaTouchDialog.h */ = {isa = PBXFileReference; fileEncoding = 4; lastKnownFileType = sourcecode.c.h; path = CocoaTouchDialog.h; sourceTree = "<group>"; };
		60D196D813EB3AAC002954E7 /* CTDBoolElement.h */ = {isa = PBXFileReference; fileEncoding = 4; lastKnownFileType = sourcecode.c.h; path = CTDBoolElement.h; sourceTree = "<group>"; };
		60D196D913EB3AAC002954E7 /* CTDBoolElement.m */ = {isa = PBXFileReference; fileEncoding = 4; lastKnownFileType = sourcecode.c.objc; path = CTDBoolElement.m; sourceTree = "<group>"; };
		60D196DA13EB3AAC002954E7 /* CTDElement.h */ = {isa = PBXFileReference; fileEncoding = 4; lastKnownFileType = sourcecode.c.h; path = CTDElement.h; sourceTree = "<group>"; };
		60D196DB13EB3AAC002954E7 /* CTDElement.m */ = {isa = PBXFileReference; fileEncoding = 4; lastKnownFileType = sourcecode.c.objc; path = CTDElement.m; sourceTree = "<group>"; };
		60D196DC13EB3AAC002954E7 /* CTDEntryElement.h */ = {isa = PBXFileReference; fileEncoding = 4; lastKnownFileType = sourcecode.c.h; path = CTDEntryElement.h; sourceTree = "<group>"; };
		60D196DD13EB3AAC002954E7 /* CTDEntryElement.m */ = {isa = PBXFileReference; fileEncoding = 4; lastKnownFileType = sourcecode.c.objc; path = CTDEntryElement.m; sourceTree = "<group>"; };
		60D196DE13EB3AAC002954E7 /* CTDFloatElement.h */ = {isa = PBXFileReference; fileEncoding = 4; lastKnownFileType = sourcecode.c.h; path = CTDFloatElement.h; sourceTree = "<group>"; };
		60D196DF13EB3AAC002954E7 /* CTDFloatElement.m */ = {isa = PBXFileReference; fileEncoding = 4; lastKnownFileType = sourcecode.c.objc; path = CTDFloatElement.m; sourceTree = "<group>"; };
		60D196E013EB3AAC002954E7 /* CTDRootElement.h */ = {isa = PBXFileReference; fileEncoding = 4; lastKnownFileType = sourcecode.c.h; path = CTDRootElement.h; sourceTree = "<group>"; };
		60D196E113EB3AAC002954E7 /* CTDRootElement.m */ = {isa = PBXFileReference; fileEncoding = 4; lastKnownFileType = sourcecode.c.objc; path = CTDRootElement.m; sourceTree = "<group>"; };
		60D196E213EB3AAC002954E7 /* CTDSection.h */ = {isa = PBXFileReference; fileEncoding = 4; lastKnownFileType = sourcecode.c.h; path = CTDSection.h; sourceTree = "<group>"; };
		60D196E313EB3AAC002954E7 /* CTDSection.m */ = {isa = PBXFileReference; fileEncoding = 4; lastKnownFileType = sourcecode.c.objc; path = CTDSection.m; sourceTree = "<group>"; };
		60D196E413EB3AAC002954E7 /* CTDStringElement.h */ = {isa = PBXFileReference; fileEncoding = 4; lastKnownFileType = sourcecode.c.h; path = CTDStringElement.h; sourceTree = "<group>"; };
		60D196E513EB3AAC002954E7 /* CTDStringElement.m */ = {isa = PBXFileReference; fileEncoding = 4; lastKnownFileType = sourcecode.c.objc; path = CTDStringElement.m; sourceTree = "<group>"; };
		60D196E613EB3AAC002954E7 /* CTDViewController.h */ = {isa = PBXFileReference; fileEncoding = 4; lastKnownFileType = sourcecode.c.h; path = CTDViewController.h; sourceTree = "<group>"; };
		60D196E713EB3AAC002954E7 /* CTDViewController.m */ = {isa = PBXFileReference; fileEncoding = 4; lastKnownFileType = sourcecode.c.objc; path = CTDViewController.m; sourceTree = "<group>"; };
		AA747D9E0F9514B9006C5449 /* CocoaTouchDialog_Prefix.pch */ = {isa = PBXFileReference; fileEncoding = 4; lastKnownFileType = sourcecode.c.h; path = CocoaTouchDialog_Prefix.pch; sourceTree = SOURCE_ROOT; };
		AACBBE490F95108600F1A2B1 /* Foundation.framework */ = {isa = PBXFileReference; lastKnownFileType = wrapper.framework; name = Foundation.framework; path = System/Library/Frameworks/Foundation.framework; sourceTree = SDKROOT; };
		D2AAC07E0554694100DB518D /* libCocoaTouchDialog.a */ = {isa = PBXFileReference; explicitFileType = archive.ar; includeInIndex = 0; path = libCocoaTouchDialog.a; sourceTree = BUILT_PRODUCTS_DIR; };
/* End PBXFileReference section */

/* Begin PBXFrameworksBuildPhase section */
		D2AAC07C0554694100DB518D /* Frameworks */ = {
			isa = PBXFrameworksBuildPhase;
			buildActionMask = 2147483647;
			files = (
				AACBBE4A0F95108600F1A2B1 /* Foundation.framework in Frameworks */,
			);
			runOnlyForDeploymentPostprocessing = 0;
		};
/* End PBXFrameworksBuildPhase section */

/* Begin PBXGroup section */
		034768DFFF38A50411DB9C8B /* Products */ = {
			isa = PBXGroup;
			children = (
				D2AAC07E0554694100DB518D /* libCocoaTouchDialog.a */,
			);
			name = Products;
			sourceTree = "<group>";
		};
		0867D691FE84028FC02AAC07 /* CocoaTouchDialog */ = {
			isa = PBXGroup;
			children = (
				08FB77AEFE84172EC02AAC07 /* Classes */,
				32C88DFF0371C24200C91783 /* Other Sources */,
				0867D69AFE84028FC02AAC07 /* Frameworks */,
				034768DFFF38A50411DB9C8B /* Products */,
			);
			name = CocoaTouchDialog;
			sourceTree = "<group>";
		};
		0867D69AFE84028FC02AAC07 /* Frameworks */ = {
			isa = PBXGroup;
			children = (
				AACBBE490F95108600F1A2B1 /* Foundation.framework */,
			);
			name = Frameworks;
			sourceTree = "<group>";
		};
		08FB77AEFE84172EC02AAC07 /* Classes */ = {
			isa = PBXGroup;
			children = (
				60D196D713EB3AAC002954E7 /* CocoaTouchDialog.h */,
				60D196D813EB3AAC002954E7 /* CTDBoolElement.h */,
				60D196D913EB3AAC002954E7 /* CTDBoolElement.m */,
				60D196DA13EB3AAC002954E7 /* CTDElement.h */,
				60D196DB13EB3AAC002954E7 /* CTDElement.m */,
				60D196DC13EB3AAC002954E7 /* CTDEntryElement.h */,
				60D196DD13EB3AAC002954E7 /* CTDEntryElement.m */,
				60D196DE13EB3AAC002954E7 /* CTDFloatElement.h */,
				60D196DF13EB3AAC002954E7 /* CTDFloatElement.m */,
				60D196E013EB3AAC002954E7 /* CTDRootElement.h */,
				60D196E113EB3AAC002954E7 /* CTDRootElement.m */,
				60D196E213EB3AAC002954E7 /* CTDSection.h */,
				60D196E313EB3AAC002954E7 /* CTDSection.m */,
				60D196E413EB3AAC002954E7 /* CTDStringElement.h */,
				60D196E513EB3AAC002954E7 /* CTDStringElement.m */,
				60D196E613EB3AAC002954E7 /* CTDViewController.h */,
				60D196E713EB3AAC002954E7 /* CTDViewController.m */,
			);
			name = Classes;
			sourceTree = "<group>";
		};
		32C88DFF0371C24200C91783 /* Other Sources */ = {
			isa = PBXGroup;
			children = (
				AA747D9E0F9514B9006C5449 /* CocoaTouchDialog_Prefix.pch */,
			);
			name = "Other Sources";
			sourceTree = "<group>";
		};
/* End PBXGroup section */

/* Begin PBXHeadersBuildPhase section */
		D2AAC07A0554694100DB518D /* Headers */ = {
			isa = PBXHeadersBuildPhase;
			buildActionMask = 2147483647;
			files = (
				AA747D9F0F9514B9006C5449 /* CocoaTouchDialog_Prefix.pch in Headers */,
				60D196E813EB3AAC002954E7 /* CocoaTouchDialog.h in Headers */,
				60D196E913EB3AAC002954E7 /* CTDBoolElement.h in Headers */,
				60D196EB13EB3AAC002954E7 /* CTDElement.h in Headers */,
				60D196ED13EB3AAC002954E7 /* CTDEntryElement.h in Headers */,
				60D196EF13EB3AAC002954E7 /* CTDFloatElement.h in Headers */,
				60D196F113EB3AAC002954E7 /* CTDRootElement.h in Headers */,
				60D196F313EB3AAC002954E7 /* CTDSection.h in Headers */,
				60D196F513EB3AAC002954E7 /* CTDStringElement.h in Headers */,
				60D196F713EB3AAC002954E7 /* CTDViewController.h in Headers */,
			);
			runOnlyForDeploymentPostprocessing = 0;
		};
/* End PBXHeadersBuildPhase section */

/* Begin PBXNativeTarget section */
		D2AAC07D0554694100DB518D /* CocoaTouchDialog */ = {
			isa = PBXNativeTarget;
			buildConfigurationList = 1DEB921E08733DC00010E9CD /* Build configuration list for PBXNativeTarget "CocoaTouchDialog" */;
			buildPhases = (
				D2AAC07A0554694100DB518D /* Headers */,
				D2AAC07B0554694100DB518D /* Sources */,
				D2AAC07C0554694100DB518D /* Frameworks */,
			);
			buildRules = (
			);
			dependencies = (
			);
			name = CocoaTouchDialog;
			productName = CocoaTouchDialog;
			productReference = D2AAC07E0554694100DB518D /* libCocoaTouchDialog.a */;
			productType = "com.apple.product-type.library.static";
		};
/* End PBXNativeTarget section */

/* Begin PBXProject section */
		0867D690FE84028FC02AAC07 /* Project object */ = {
			isa = PBXProject;
			buildConfigurationList = 1DEB922208733DC00010E9CD /* Build configuration list for PBXProject "CocoaTouchDialog" */;
			compatibilityVersion = "Xcode 3.1";
			developmentRegion = English;
			hasScannedForEncodings = 1;
			knownRegions = (
				English,
				Japanese,
				French,
				German,
			);
			mainGroup = 0867D691FE84028FC02AAC07 /* CocoaTouchDialog */;
			productRefGroup = 034768DFFF38A50411DB9C8B /* Products */;
			projectDirPath = "";
			projectRoot = "";
			targets = (
				D2AAC07D0554694100DB518D /* CocoaTouchDialog */,
			);
		};
/* End PBXProject section */

/* Begin PBXSourcesBuildPhase section */
		D2AAC07B0554694100DB518D /* Sources */ = {
			isa = PBXSourcesBuildPhase;
			buildActionMask = 2147483647;
			files = (
				60D196EA13EB3AAC002954E7 /* CTDBoolElement.m in Sources */,
				60D196EC13EB3AAC002954E7 /* CTDElement.m in Sources */,
				60D196EE13EB3AAC002954E7 /* CTDEntryElement.m in Sources */,
				60D196F013EB3AAC002954E7 /* CTDFloatElement.m in Sources */,
				60D196F213EB3AAC002954E7 /* CTDRootElement.m in Sources */,
				60D196F413EB3AAC002954E7 /* CTDSection.m in Sources */,
				60D196F613EB3AAC002954E7 /* CTDStringElement.m in Sources */,
				60D196F813EB3AAC002954E7 /* CTDViewController.m in Sources */,
			);
			runOnlyForDeploymentPostprocessing = 0;
		};
/* End PBXSourcesBuildPhase section */

/* Begin XCBuildConfiguration section */
		1DEB921F08733DC00010E9CD /* Debug */ = {
			isa = XCBuildConfiguration;
			buildSettings = {
				ALWAYS_SEARCH_USER_PATHS = NO;
				ARCHS = "$(ARCHS_STANDARD_32_BIT)";
				COPY_PHASE_STRIP = NO;
				DSTROOT = /tmp/CocoaTouchDialog.dst;
				GCC_DYNAMIC_NO_PIC = NO;
				GCC_ENABLE_FIX_AND_CONTINUE = YES;
				GCC_MODEL_TUNING = G5;
				GCC_OPTIMIZATION_LEVEL = 0;
				GCC_PRECOMPILE_PREFIX_HEADER = YES;
				GCC_PREFIX_HEADER = CocoaTouchDialog_Prefix.pch;
				INSTALL_PATH = /usr/local/lib;
				PRODUCT_NAME = CocoaTouchDialog;
			};
			name = Debug;
		};
		1DEB922008733DC00010E9CD /* Release */ = {
			isa = XCBuildConfiguration;
			buildSettings = {
				ALWAYS_SEARCH_USER_PATHS = NO;
				ARCHS = "$(ARCHS_STANDARD_32_BIT)";
				DSTROOT = /tmp/CocoaTouchDialog.dst;
				GCC_MODEL_TUNING = G5;
				GCC_PRECOMPILE_PREFIX_HEADER = YES;
				GCC_PREFIX_HEADER = CocoaTouchDialog_Prefix.pch;
				INSTALL_PATH = /usr/local/lib;
				PRODUCT_NAME = CocoaTouchDialog;
			};
			name = Release;
		};
		1DEB922308733DC00010E9CD /* Debug */ = {
			isa = XCBuildConfiguration;
			buildSettings = {
				ARCHS = "$(ARCHS_STANDARD_32_BIT)";
				GCC_C_LANGUAGE_STANDARD = c99;
				GCC_OPTIMIZATION_LEVEL = 0;
				GCC_WARN_ABOUT_RETURN_TYPE = YES;
				GCC_WARN_UNUSED_VARIABLE = YES;
				OTHER_LDFLAGS = "-ObjC";
				PREBINDING = NO;
				SDKROOT = iphoneos;
			};
			name = Debug;
		};
		1DEB922408733DC00010E9CD /* Release */ = {
			isa = XCBuildConfiguration;
			buildSettings = {
				ARCHS = "$(ARCHS_STANDARD_32_BIT)";
				GCC_C_LANGUAGE_STANDARD = c99;
				GCC_WARN_ABOUT_RETURN_TYPE = YES;
				GCC_WARN_UNUSED_VARIABLE = YES;
				OTHER_LDFLAGS = "-ObjC";
				PREBINDING = NO;
				SDKROOT = iphoneos;
			};
			name = Release;
		};
/* End XCBuildConfiguration section */

/* Begin XCConfigurationList section */
		1DEB921E08733DC00010E9CD /* Build configuration list for PBXNativeTarget "CocoaTouchDialog" */ = {
			isa = XCConfigurationList;
			buildConfigurations = (
				1DEB921F08733DC00010E9CD /* Debug */,
				1DEB922008733DC00010E9CD /* Release */,
			);
			defaultConfigurationIsVisible = 0;
			defaultConfigurationName = Release;
		};
		1DEB922208733DC00010E9CD /* Build configuration list for PBXProject "CocoaTouchDialog" */ = {
			isa = XCConfigurationList;
			buildConfigurations = (
				1DEB922308733DC00010E9CD /* Debug */,
				1DEB922408733DC00010E9CD /* Release */,
			);
			defaultConfigurationIsVisible = 0;
			defaultConfigurationName = Release;
		};
/* End XCConfigurationList section */
	};
	rootObject = 0867D690FE84028FC02AAC07 /* Project object */;
}
